
Microsoft Visual Studio Solution File, Format Version 12.00
# Visual Studio Version 17
VisualStudioVersion = 17.5.33424.131
MinimumVisualStudioVersion = 10.0.40219.1
Project("{FAE04EC0-301F-11D3-BF4B-00C04F79EFBC}") = "reuse_of_class", "reuse_of_class\reuse_of_class.csproj", "{17FB9450-F71F-4381-AD27-18888B5AC710}"
EndProject
Global
	GlobalSection(SolutionConfigurationPlatforms) = preSolution
		Debug|Any CPU = Debug|Any CPU
		Release|Any CPU = Release|Any CPU
	EndGlobalSection
	GlobalSection(ProjectConfigurationPlatforms) = postSolution
		{17FB9450-F71F-4381-AD27-18888B5AC710}.Debug|Any CPU.ActiveCfg = Debug|Any CPU
		{17FB9450-F71F-4381-AD27-18888B5AC710}.Debug|Any CPU.Build.0 = Debug|Any CPU
		{17FB9450-F71F-4381-AD27-18888B5AC710}.Release|Any CPU.ActiveCfg = Release|Any CPU
		{17FB9450-F71F-4381-AD27-18888B5AC710}.Release|Any CPU.Build.0 = Release|Any CPU
	EndGlobalSection
	GlobalSection(SolutionProperties) = preSolution
		HideSolutionNode = FALSE
	EndGlobalSection
	GlobalSection(ExtensibilityGlobals) = postSolution
		SolutionGuid = {1F6F4644-9261-40AC-AD82-432749D3B434}
	EndGlobalSection
EndGlobal
